
Microsoft Visual Studio Solution File, Format Version 12.00
# Visual Studio 15
VisualStudioVersion = 15.0.28010.2019
MinimumVisualStudioVersion = 10.0.40219.1
Project("{8BC9CEB8-8B4A-11D0-8D11-00A0C91BC942}") = "ITPLabHomework5", "ITPLabHomework5\ITPLabHomework5.vcxproj", "{CC1CDF76-444B-4F7F-AE6A-414A7987592A}"
EndProject
Global
	GlobalSection(SolutionConfigurationPlatforms) = preSolution
		Debug|x64 = Debug|x64
		Debug|x86 = Debug|x86
		Release|x64 = Release|x64
		Release|x86 = Release|x86
	EndGlobalSection
	GlobalSection(ProjectConfigurationPlatforms) = postSolution
		{CC1CDF76-444B-4F7F-AE6A-414A7987592A}.Debug|x64.ActiveCfg = Debug|x64
		{CC1CDF76-444B-4F7F-AE6A-414A7987592A}.Debug|x64.Build.0 = Debug|x64
		{CC1CDF76-444B-4F7F-AE6A-414A7987592A}.Debug|x86.ActiveCfg = Debug|Win32
		{CC1CDF76-444B-4F7F-AE6A-414A7987592A}.Debug|x86.Build.0 = Debug|Win32
		{CC1CDF76-444B-4F7F-AE6A-414A7987592A}.Release|x64.ActiveCfg = Release|x64
		{CC1CDF76-444B-4F7F-AE6A-414A7987592A}.Release|x64.Build.0 = Release|x64
		{CC1CDF76-444B-4F7F-AE6A-414A7987592A}.Release|x86.ActiveCfg = Release|Win32
		{CC1CDF76-444B-4F7F-AE6A-414A7987592A}.Release|x86.Build.0 = Release|Win32
	EndGlobalSection
	GlobalSection(SolutionProperties) = preSolution
		HideSolutionNode = FALSE
	EndGlobalSection
	GlobalSection(ExtensibilityGlobals) = postSolution
		SolutionGuid = {A54FA348-4522-4364-8268-DFD821AA43D4}
	EndGlobalSection
EndGlobal
